
Microsoft Visual Studio Solution File, Format Version 12.00
# Visual Studio Version 16
VisualStudioVersion = 16.0.31624.102
MinimumVisualStudioVersion = 10.0.40219.1
Project("{FAE04EC0-301F-11D3-BF4B-00C04F79EFBC}") = "HTMLify", "HTMLify\HTMLify.csproj", "{60ABEE4E-EDE8-40D5-B0C4-6517E62B7BF8}"
EndProject
Global
	GlobalSection(SolutionConfigurationPlatforms) = preSolution
		Debug|Any CPU = Debug|Any CPU
		Release|Any CPU = Release|Any CPU
	EndGlobalSection
	GlobalSection(ProjectConfigurationPlatforms) = postSolution
		{60ABEE4E-EDE8-40D5-B0C4-6517E62B7BF8}.Debug|Any CPU.ActiveCfg = Debug|Any CPU
		{60ABEE4E-EDE8-40D5-B0C4-6517E62B7BF8}.Debug|Any CPU.Build.0 = Debug|Any CPU
		{60ABEE4E-EDE8-40D5-B0C4-6517E62B7BF8}.Release|Any CPU.ActiveCfg = Release|Any CPU
		{60ABEE4E-EDE8-40D5-B0C4-6517E62B7BF8}.Release|Any CPU.Build.0 = Release|Any CPU
	EndGlobalSection
	GlobalSection(SolutionProperties) = preSolution
		HideSolutionNode = FALSE
	EndGlobalSection
	GlobalSection(ExtensibilityGlobals) = postSolution
		SolutionGuid = {9E27F351-F2B5-490D-967F-443BC180D92A}
	EndGlobalSection
EndGlobal
